Microsoft Visual Studio Solution File, Format Version 11.00
# Visual Studio 2010
Project("{FAE04EC0-301F-11D3-BF4B-00C04F79EFBC}") = "Assembly-CSharp", "Assembly-CSharp.csproj", "{48866BE8-464B-AF1F-13C1-A922242C777F}"
EndProject
Project("{FAE04EC0-301F-11D3-BF4B-00C04F79EFBC}") = "Assembly-CSharp-Editor", "Assembly-CSharp-Editor.csproj", "{40CB936E-804E-2C21-C453-33136B8D088F}"
EndProject
Global
	GlobalSection(SolutionConfigurationPlatforms) = preSolution
		Debug|Any CPU = Debug|Any CPU
		Release|Any CPU = Release|Any CPU
	EndGlobalSection
	GlobalSection(ProjectConfigurationPlatforms) = postSolution
		{48866BE8-464B-AF1F-13C1-A922242C777F}.Debug|Any CPU.ActiveCfg = Debug|Any CPU
		{48866BE8-464B-AF1F-13C1-A922242C777F}.Debug|Any CPU.Build.0 = Debug|Any CPU
		{48866BE8-464B-AF1F-13C1-A922242C777F}.Release|Any CPU.ActiveCfg = Release|Any CPU
		{48866BE8-464B-AF1F-13C1-A922242C777F}.Release|Any CPU.Build.0 = Release|Any CPU
		{40CB936E-804E-2C21-C453-33136B8D088F}.Debug|Any CPU.ActiveCfg = Debug|Any CPU
		{40CB936E-804E-2C21-C453-33136B8D088F}.Debug|Any CPU.Build.0 = Debug|Any CPU
		{40CB936E-804E-2C21-C453-33136B8D088F}.Release|Any CPU.ActiveCfg = Release|Any CPU
		{40CB936E-804E-2C21-C453-33136B8D088F}.Release|Any CPU.Build.0 = Release|Any CPU
	EndGlobalSection
EndGlobal
